
Microsoft Visual Studio Solution File, Format Version 12.00
# Visual Studio Version 16
VisualStudioVersion = 16.0.34301.259
MinimumVisualStudioVersion = 10.0.40219.1
Project("{FAE04EC0-301F-11D3-BF4B-00C04F79EFBC}") = "Directory System", "Directory System\Directory System.csproj", "{664A60BF-A91F-456C-B3AF-296EF3313DEF}"
EndProject
Global
	GlobalSection(SolutionConfigurationPlatforms) = preSolution
		Debug|Any CPU = Debug|Any CPU
		Release|Any CPU = Release|Any CPU
	EndGlobalSection
	GlobalSection(ProjectConfigurationPlatforms) = postSolution
		{664A60BF-A91F-456C-B3AF-296EF3313DEF}.Debug|Any CPU.ActiveCfg = Debug|Any CPU
		{664A60BF-A91F-456C-B3AF-296EF3313DEF}.Debug|Any CPU.Build.0 = Debug|Any CPU
		{664A60BF-A91F-456C-B3AF-296EF3313DEF}.Release|Any CPU.ActiveCfg = Release|Any CPU
		{664A60BF-A91F-456C-B3AF-296EF3313DEF}.Release|Any CPU.Build.0 = Release|Any CPU
	EndGlobalSection
	GlobalSection(SolutionProperties) = preSolution
		HideSolutionNode = FALSE
	EndGlobalSection
	GlobalSection(ExtensibilityGlobals) = postSolution
		SolutionGuid = {FA4A42E6-9139-43A3-A8A3-3F81E4F4B1C1}
	EndGlobalSection
EndGlobal
